
Microsoft Visual Studio Solution File, Format Version 12.00
# Visual Studio Version 17
VisualStudioVersion = 17.4.33110.190
MinimumVisualStudioVersion = 10.0.40219.1
Project("{FAE04EC0-301F-11D3-BF4B-00C04F79EFBC}") = "D01_Repository", "D01_Repository\D01_Repository.csproj", "{73821321-FBA0-4CF5-B7FD-453C66FC7111}"
EndProject
Global
	GlobalSection(SolutionConfigurationPlatforms) = preSolution
		Debug|Any CPU = Debug|Any CPU
		Release|Any CPU = Release|Any CPU
	EndGlobalSection
	GlobalSection(ProjectConfigurationPlatforms) = postSolution
		{73821321-FBA0-4CF5-B7FD-453C66FC7111}.Debug|Any CPU.ActiveCfg = Debug|Any CPU
		{73821321-FBA0-4CF5-B7FD-453C66FC7111}.Debug|Any CPU.Build.0 = Debug|Any CPU
		{73821321-FBA0-4CF5-B7FD-453C66FC7111}.Release|Any CPU.ActiveCfg = Release|Any CPU
		{73821321-FBA0-4CF5-B7FD-453C66FC7111}.Release|Any CPU.Build.0 = Release|Any CPU
	EndGlobalSection
	GlobalSection(SolutionProperties) = preSolution
		HideSolutionNode = FALSE
	EndGlobalSection
	GlobalSection(ExtensibilityGlobals) = postSolution
		SolutionGuid = {115145BD-7C7E-4E15-A387-2CD4C63B28DE}
	EndGlobalSection
EndGlobal
